
Microsoft Visual Studio Solution File, Format Version 12.00
# Visual Studio Version 17
VisualStudioVersion = 17.14.36908.2 d17.14
MinimumVisualStudioVersion = 10.0.40219.1
Project("{FAE04EC0-301F-11D3-BF4B-00C04F79EFBC}") = "Clocl", "Clocl.csproj", "{67ABBF9D-78DA-4CF3-A4B9-14E628C8C4A5}"
EndProject
Global
	GlobalSection(SolutionConfigurationPlatforms) = preSolution
		Debug|Any CPU = Debug|Any CPU
		Release|Any CPU = Release|Any CPU
	EndGlobalSection
	GlobalSection(ProjectConfigurationPlatforms) = postSolution
		{67ABBF9D-78DA-4CF3-A4B9-14E628C8C4A5}.Debug|Any CPU.ActiveCfg = Debug|Any CPU
		{67ABBF9D-78DA-4CF3-A4B9-14E628C8C4A5}.Debug|Any CPU.Build.0 = Debug|Any CPU
		{67ABBF9D-78DA-4CF3-A4B9-14E628C8C4A5}.Release|Any CPU.ActiveCfg = Release|Any CPU
		{67ABBF9D-78DA-4CF3-A4B9-14E628C8C4A5}.Release|Any CPU.Build.0 = Release|Any CPU
	EndGlobalSection
	GlobalSection(SolutionProperties) = preSolution
		HideSolutionNode = FALSE
	EndGlobalSection
	GlobalSection(ExtensibilityGlobals) = postSolution
		SolutionGuid = {628D2001-BC7E-4708-947F-F393C9839B9D}
	EndGlobalSection
EndGlobal
